
Microsoft Visual Studio Solution File, Format Version 12.00
# Visual Studio Version 17
VisualStudioVersion = 17.4.33110.190
MinimumVisualStudioVersion = 10.0.40219.1
Project("{FAE04EC0-301F-11D3-BF4B-00C04F79EFBC}") = "ZX_Mono", "ZX_Mono\ZX_Mono.csproj", "{8827FE41-917D-455C-881C-8708E02B8847}"
EndProject
Project("{FAE04EC0-301F-11D3-BF4B-00C04F79EFBC}") = "SpectrumPC", "SpectrumPC\SpectrumPC\SpectrumPC.csproj", "{D7908AAA-14E1-46D5-AAA0-1491254C20FA}"
EndProject
Project("{FAE04EC0-301F-11D3-BF4B-00C04F79EFBC}") = "ZX_WPF", "..\ZX_WPF\ZX_WPF\ZX_WPF.csproj", "{4C9FE6CE-4B30-4B69-ADDB-F01C303EC277}"
EndProject
Global
	GlobalSection(SolutionConfigurationPlatforms) = preSolution
		Debug|Any CPU = Debug|Any CPU
		Debug|ARM = Debug|ARM
		Debug|x64 = Debug|x64
		Debug|x86 = Debug|x86
		Release|Any CPU = Release|Any CPU
		Release|ARM = Release|ARM
		Release|x64 = Release|x64
		Release|x86 = Release|x86
	EndGlobalSection
	GlobalSection(ProjectConfigurationPlatforms) = postSolution
		{8827FE41-917D-455C-881C-8708E02B8847}.Debug|Any CPU.ActiveCfg = Debug|x86
		{8827FE41-917D-455C-881C-8708E02B8847}.Debug|Any CPU.Build.0 = Debug|x86
		{8827FE41-917D-455C-881C-8708E02B8847}.Debug|ARM.ActiveCfg = Debug|x86
		{8827FE41-917D-455C-881C-8708E02B8847}.Debug|x64.ActiveCfg = Debug|x86
		{8827FE41-917D-455C-881C-8708E02B8847}.Debug|x86.ActiveCfg = Debug|x86
		{8827FE41-917D-455C-881C-8708E02B8847}.Debug|x86.Build.0 = Debug|x86
		{8827FE41-917D-455C-881C-8708E02B8847}.Release|Any CPU.ActiveCfg = Release|x86
		{8827FE41-917D-455C-881C-8708E02B8847}.Release|ARM.ActiveCfg = Release|x86
		{8827FE41-917D-455C-881C-8708E02B8847}.Release|x64.ActiveCfg = Release|x86
		{8827FE41-917D-455C-881C-8708E02B8847}.Release|x86.ActiveCfg = Release|x86
		{8827FE41-917D-455C-881C-8708E02B8847}.Release|x86.Build.0 = Release|x86
		{D7908AAA-14E1-46D5-AAA0-1491254C20FA}.Debug|Any CPU.ActiveCfg = Debug|Any CPU
		{D7908AAA-14E1-46D5-AAA0-1491254C20FA}.Debug|Any CPU.Build.0 = Debug|Any CPU
		{D7908AAA-14E1-46D5-AAA0-1491254C20FA}.Debug|ARM.ActiveCfg = Debug|Any CPU
		{D7908AAA-14E1-46D5-AAA0-1491254C20FA}.Debug|ARM.Build.0 = Debug|Any CPU
		{D7908AAA-14E1-46D5-AAA0-1491254C20FA}.Debug|x64.ActiveCfg = Debug|Any CPU
		{D7908AAA-14E1-46D5-AAA0-1491254C20FA}.Debug|x64.Build.0 = Debug|Any CPU
		{D7908AAA-14E1-46D5-AAA0-1491254C20FA}.Debug|x86.ActiveCfg = Debug|Any CPU
		{D7908AAA-14E1-46D5-AAA0-1491254C20FA}.Debug|x86.Build.0 = Debug|Any CPU
		{D7908AAA-14E1-46D5-AAA0-1491254C20FA}.Release|Any CPU.ActiveCfg = Release|Any CPU
		{D7908AAA-14E1-46D5-AAA0-1491254C20FA}.Release|Any CPU.Build.0 = Release|Any CPU
		{D7908AAA-14E1-46D5-AAA0-1491254C20FA}.Release|ARM.ActiveCfg = Release|Any CPU
		{D7908AAA-14E1-46D5-AAA0-1491254C20FA}.Release|ARM.Build.0 = Release|Any CPU
		{D7908AAA-14E1-46D5-AAA0-1491254C20FA}.Release|x64.ActiveCfg = Release|Any CPU
		{D7908AAA-14E1-46D5-AAA0-1491254C20FA}.Release|x64.Build.0 = Release|Any CPU
		{D7908AAA-14E1-46D5-AAA0-1491254C20FA}.Release|x86.ActiveCfg = Release|Any CPU
		{D7908AAA-14E1-46D5-AAA0-1491254C20FA}.Release|x86.Build.0 = Release|Any CPU
		{4C9FE6CE-4B30-4B69-ADDB-F01C303EC277}.Debug|Any CPU.ActiveCfg = Debug|Any CPU
		{4C9FE6CE-4B30-4B69-ADDB-F01C303EC277}.Debug|Any CPU.Build.0 = Debug|Any CPU
		{4C9FE6CE-4B30-4B69-ADDB-F01C303EC277}.Debug|ARM.ActiveCfg = Debug|Any CPU
		{4C9FE6CE-4B30-4B69-ADDB-F01C303EC277}.Debug|ARM.Build.0 = Debug|Any CPU
		{4C9FE6CE-4B30-4B69-ADDB-F01C303EC277}.Debug|x64.ActiveCfg = Debug|Any CPU
		{4C9FE6CE-4B30-4B69-ADDB-F01C303EC277}.Debug|x64.Build.0 = Debug|Any CPU
		{4C9FE6CE-4B30-4B69-ADDB-F01C303EC277}.Debug|x86.ActiveCfg = Debug|Any CPU
		{4C9FE6CE-4B30-4B69-ADDB-F01C303EC277}.Debug|x86.Build.0 = Debug|Any CPU
		{4C9FE6CE-4B30-4B69-ADDB-F01C303EC277}.Release|Any CPU.ActiveCfg = Release|Any CPU
		{4C9FE6CE-4B30-4B69-ADDB-F01C303EC277}.Release|Any CPU.Build.0 = Release|Any CPU
		{4C9FE6CE-4B30-4B69-ADDB-F01C303EC277}.Release|ARM.ActiveCfg = Release|Any CPU
		{4C9FE6CE-4B30-4B69-ADDB-F01C303EC277}.Release|ARM.Build.0 = Release|Any CPU
		{4C9FE6CE-4B30-4B69-ADDB-F01C303EC277}.Release|x64.ActiveCfg = Release|Any CPU
		{4C9FE6CE-4B30-4B69-ADDB-F01C303EC277}.Release|x64.Build.0 = Release|Any CPU
		{4C9FE6CE-4B30-4B69-ADDB-F01C303EC277}.Release|x86.ActiveCfg = Release|Any CPU
		{4C9FE6CE-4B30-4B69-ADDB-F01C303EC277}.Release|x86.Build.0 = Release|Any CPU
	EndGlobalSection
	GlobalSection(SolutionProperties) = preSolution
		HideSolutionNode = FALSE
	EndGlobalSection
	GlobalSection(ExtensibilityGlobals) = postSolution
		SolutionGuid = {6073E38F-36E9-440E-BCF5-DE941E8134BA}
	EndGlobalSection
EndGlobal
